
Microsoft Visual Studio Solution File, Format Version 12.00
# Visual Studio Version 17
VisualStudioVersion = 17.14.36518.9 d17.14
MinimumVisualStudioVersion = 10.0.40219.1
Project("{FAE04EC0-301F-11D3-BF4B-00C04F79EFBC}") = "Seminar2new", "Seminar2new\Seminar2new.csproj", "{E2EE7DD3-DE5C-46AB-9B34-BD0D738878B6}"
EndProject
Global
	GlobalSection(SolutionConfigurationPlatforms) = preSolution
		Debug|Any CPU = Debug|Any CPU
		Release|Any CPU = Release|Any CPU
	EndGlobalSection
	GlobalSection(ProjectConfigurationPlatforms) = postSolution
		{E2EE7DD3-DE5C-46AB-9B34-BD0D738878B6}.Debug|Any CPU.ActiveCfg = Debug|Any CPU
		{E2EE7DD3-DE5C-46AB-9B34-BD0D738878B6}.Debug|Any CPU.Build.0 = Debug|Any CPU
		{E2EE7DD3-DE5C-46AB-9B34-BD0D738878B6}.Release|Any CPU.ActiveCfg = Release|Any CPU
		{E2EE7DD3-DE5C-46AB-9B34-BD0D738878B6}.Release|Any CPU.Build.0 = Release|Any CPU
	EndGlobalSection
	GlobalSection(SolutionProperties) = preSolution
		HideSolutionNode = FALSE
	EndGlobalSection
	GlobalSection(ExtensibilityGlobals) = postSolution
		SolutionGuid = {6A091958-CD62-4393-9FA4-A69148B97E4C}
	EndGlobalSection
EndGlobal
