
Microsoft Visual Studio Solution File, Format Version 12.00
# Visual Studio Version 17
VisualStudioVersion = 17.14.36518.9 d17.14
MinimumVisualStudioVersion = 10.0.40219.1
Project("{FAE04EC0-301F-11D3-BF4B-00C04F79EFBC}") = "ConsoleApp3", "ConsoleApp3\ConsoleApp3.csproj", "{154861D7-2271-4949-8915-65A4DDCC8554}"
EndProject
Global
	GlobalSection(SolutionConfigurationPlatforms) = preSolution
		Debug|Any CPU = Debug|Any CPU
		Release|Any CPU = Release|Any CPU
	EndGlobalSection
	GlobalSection(ProjectConfigurationPlatforms) = postSolution
		{154861D7-2271-4949-8915-65A4DDCC8554}.Debug|Any CPU.ActiveCfg = Debug|Any CPU
		{154861D7-2271-4949-8915-65A4DDCC8554}.Debug|Any CPU.Build.0 = Debug|Any CPU
		{154861D7-2271-4949-8915-65A4DDCC8554}.Release|Any CPU.ActiveCfg = Release|Any CPU
		{154861D7-2271-4949-8915-65A4DDCC8554}.Release|Any CPU.Build.0 = Release|Any CPU
	EndGlobalSection
	GlobalSection(SolutionProperties) = preSolution
		HideSolutionNode = FALSE
	EndGlobalSection
	GlobalSection(ExtensibilityGlobals) = postSolution
		SolutionGuid = {C5CF0D42-5D54-41E6-B5B4-A2030FEF7BFD}
	EndGlobalSection
EndGlobal
