
Microsoft Visual Studio Solution File, Format Version 12.00
# Visual Studio Version 17
VisualStudioVersion = 17.14.36429.23 d17.14
MinimumVisualStudioVersion = 10.0.40219.1
Project("{FAE04EC0-301F-11D3-BF4B-00C04F79EFBC}") = "ZP", "ZP\ZP.csproj", "{674D1A07-1CAA-4A9A-A18C-4F361E73E84F}"
EndProject
Global
	GlobalSection(SolutionConfigurationPlatforms) = preSolution
		Debug|Any CPU = Debug|Any CPU
		Release|Any CPU = Release|Any CPU
	EndGlobalSection
	GlobalSection(ProjectConfigurationPlatforms) = postSolution
		{674D1A07-1CAA-4A9A-A18C-4F361E73E84F}.Debug|Any CPU.ActiveCfg = Debug|Any CPU
		{674D1A07-1CAA-4A9A-A18C-4F361E73E84F}.Debug|Any CPU.Build.0 = Debug|Any CPU
		{674D1A07-1CAA-4A9A-A18C-4F361E73E84F}.Release|Any CPU.ActiveCfg = Release|Any CPU
		{674D1A07-1CAA-4A9A-A18C-4F361E73E84F}.Release|Any CPU.Build.0 = Release|Any CPU
	EndGlobalSection
	GlobalSection(SolutionProperties) = preSolution
		HideSolutionNode = FALSE
	EndGlobalSection
	GlobalSection(ExtensibilityGlobals) = postSolution
		SolutionGuid = {6A99519C-38B7-4CB8-893E-7F7C0F33BEEB}
	EndGlobalSection
EndGlobal
