
Microsoft Visual Studio Solution File, Format Version 12.00
# Visual Studio Version 17
VisualStudioVersion = 17.14.36518.9 d17.14
MinimumVisualStudioVersion = 10.0.40219.1
Project("{FAE04EC0-301F-11D3-BF4B-00C04F79EFBC}") = "ConsoleApp4", "ConsoleApp4\ConsoleApp4.csproj", "{20DF096D-4C7A-4F38-9403-CC69D111B72B}"
EndProject
Global
	GlobalSection(SolutionConfigurationPlatforms) = preSolution
		Debug|Any CPU = Debug|Any CPU
		Release|Any CPU = Release|Any CPU
	EndGlobalSection
	GlobalSection(ProjectConfigurationPlatforms) = postSolution
		{20DF096D-4C7A-4F38-9403-CC69D111B72B}.Debug|Any CPU.ActiveCfg = Debug|Any CPU
		{20DF096D-4C7A-4F38-9403-CC69D111B72B}.Debug|Any CPU.Build.0 = Debug|Any CPU
		{20DF096D-4C7A-4F38-9403-CC69D111B72B}.Release|Any CPU.ActiveCfg = Release|Any CPU
		{20DF096D-4C7A-4F38-9403-CC69D111B72B}.Release|Any CPU.Build.0 = Release|Any CPU
	EndGlobalSection
	GlobalSection(SolutionProperties) = preSolution
		HideSolutionNode = FALSE
	EndGlobalSection
	GlobalSection(ExtensibilityGlobals) = postSolution
		SolutionGuid = {1A223DD1-66A7-4F84-A46C-8892533D50F5}
	EndGlobalSection
EndGlobal
